
Microsoft Visual Studio Solution File, Format Version 12.00
# Visual Studio 15
VisualStudioVersion = 15.0.26124.0
MinimumVisualStudioVersion = 15.0.26124.0
Project("{2150E333-8FDC-42A3-9474-1A3956D46DE8}") = "00-Notes", "00-Notes", "{90A232DA-F41D-4E7E-A1DF-84E520FBDC6F}"
EndProject
Project("{2150E333-8FDC-42A3-9474-1A3956D46DE8}") = "01-Core", "01-Core", "{2751C8D1-87CA-47DA-B18B-5382005284F6}"
EndProject
Project("{2150E333-8FDC-42A3-9474-1A3956D46DE8}") = "02-Infrastructure", "02-Infrastructure", "{DF6AA0E8-9FC5-4226-BE9E-DCD1AE7A6A39}"
EndProject
Project("{2150E333-8FDC-42A3-9474-1A3956D46DE8}") = "03-Presentation", "03-Presentation", "{B5BB6573-63FB-4F69-9631-3D2560723DC1}"
EndProject
Project("{2150E333-8FDC-42A3-9474-1A3956D46DE8}") = "04-Tests", "04-Tests", "{7EB18BD9-E545-4080-8B28-497EC30DE013}"
EndProject
Project("{FAE04EC0-301F-11D3-BF4B-00C04F79EFBC}") = "Core", "01-Core\Core\Core.csproj", "{5602F003-A55D-4828-801C-46976A4F9AA0}"
EndProject
Project("{FAE04EC0-301F-11D3-BF4B-00C04F79EFBC}") = "Infrastructure.Conductors", "02-Infrastructure\Infrastructure.Conductors\Infrastructure.Conductors.csproj", "{D42B0042-96A4-47C6-A739-9AC0268F2BC2}"
EndProject
Project("{FAE04EC0-301F-11D3-BF4B-00C04F79EFBC}") = "Core.Services", "01-Core\Core.Services\Core.Services.csproj", "{216E6A3B-E7CC-4727-8DDA-CD3D9BF2C12B}"
EndProject
Project("{FAE04EC0-301F-11D3-BF4B-00C04F79EFBC}") = "Presentation.Api", "03-Presentation\Presentation.Api\Presentation.Api.csproj", "{E48E3D56-2C7A-46CB-AE37-A146A2570159}"
EndProject
Project("{FAE04EC0-301F-11D3-BF4B-00C04F79EFBC}") = "Infrastructure.PostgreSQL", "02-Infrastructure\Infrastructure.PostgreSQL\Infrastructure.PostgreSQL.csproj", "{BD64BBAD-BF00-4021-A9E6-9FDD6A4F5715}"
EndProject
Global
	GlobalSection(SolutionConfigurationPlatforms) = preSolution
		Debug|Any CPU = Debug|Any CPU
		Debug|x64 = Debug|x64
		Debug|x86 = Debug|x86
		Release|Any CPU = Release|Any CPU
		Release|x64 = Release|x64
		Release|x86 = Release|x86
	EndGlobalSection
	GlobalSection(SolutionProperties) = preSolution
		HideSolutionNode = FALSE
	EndGlobalSection
	GlobalSection(NestedProjects) = preSolution
		{5602F003-A55D-4828-801C-46976A4F9AA0} = {2751C8D1-87CA-47DA-B18B-5382005284F6}
		{D42B0042-96A4-47C6-A739-9AC0268F2BC2} = {DF6AA0E8-9FC5-4226-BE9E-DCD1AE7A6A39}
		{216E6A3B-E7CC-4727-8DDA-CD3D9BF2C12B} = {2751C8D1-87CA-47DA-B18B-5382005284F6}
		{E48E3D56-2C7A-46CB-AE37-A146A2570159} = {B5BB6573-63FB-4F69-9631-3D2560723DC1}
		{BD64BBAD-BF00-4021-A9E6-9FDD6A4F5715} = {DF6AA0E8-9FC5-4226-BE9E-DCD1AE7A6A39}
	EndGlobalSection
	GlobalSection(ProjectConfigurationPlatforms) = postSolution
		{5602F003-A55D-4828-801C-46976A4F9AA0}.Debug|Any CPU.ActiveCfg = Debug|Any CPU
		{5602F003-A55D-4828-801C-46976A4F9AA0}.Debug|Any CPU.Build.0 = Debug|Any CPU
		{5602F003-A55D-4828-801C-46976A4F9AA0}.Debug|x64.ActiveCfg = Debug|Any CPU
		{5602F003-A55D-4828-801C-46976A4F9AA0}.Debug|x64.Build.0 = Debug|Any CPU
		{5602F003-A55D-4828-801C-46976A4F9AA0}.Debug|x86.ActiveCfg = Debug|Any CPU
		{5602F003-A55D-4828-801C-46976A4F9AA0}.Debug|x86.Build.0 = Debug|Any CPU
		{5602F003-A55D-4828-801C-46976A4F9AA0}.Release|Any CPU.ActiveCfg = Release|Any CPU
		{5602F003-A55D-4828-801C-46976A4F9AA0}.Release|Any CPU.Build.0 = Release|Any CPU
		{5602F003-A55D-4828-801C-46976A4F9AA0}.Release|x64.ActiveCfg = Release|Any CPU
		{5602F003-A55D-4828-801C-46976A4F9AA0}.Release|x64.Build.0 = Release|Any CPU
		{5602F003-A55D-4828-801C-46976A4F9AA0}.Release|x86.ActiveCfg = Release|Any CPU
		{5602F003-A55D-4828-801C-46976A4F9AA0}.Release|x86.Build.0 = Release|Any CPU
		{D42B0042-96A4-47C6-A739-9AC0268F2BC2}.Debug|Any CPU.ActiveCfg = Debug|Any CPU
		{D42B0042-96A4-47C6-A739-9AC0268F2BC2}.Debug|Any CPU.Build.0 = Debug|Any CPU
		{D42B0042-96A4-47C6-A739-9AC0268F2BC2}.Debug|x64.ActiveCfg = Debug|Any CPU
		{D42B0042-96A4-47C6-A739-9AC0268F2BC2}.Debug|x64.Build.0 = Debug|Any CPU
		{D42B0042-96A4-47C6-A739-9AC0268F2BC2}.Debug|x86.ActiveCfg = Debug|Any CPU
		{D42B0042-96A4-47C6-A739-9AC0268F2BC2}.Debug|x86.Build.0 = Debug|Any CPU
		{D42B0042-96A4-47C6-A739-9AC0268F2BC2}.Release|Any CPU.ActiveCfg = Release|Any CPU
		{D42B0042-96A4-47C6-A739-9AC0268F2BC2}.Release|Any CPU.Build.0 = Release|Any CPU
		{D42B0042-96A4-47C6-A739-9AC0268F2BC2}.Release|x64.ActiveCfg = Release|Any CPU
		{D42B0042-96A4-47C6-A739-9AC0268F2BC2}.Release|x64.Build.0 = Release|Any CPU
		{D42B0042-96A4-47C6-A739-9AC0268F2BC2}.Release|x86.ActiveCfg = Release|Any CPU
		{D42B0042-96A4-47C6-A739-9AC0268F2BC2}.Release|x86.Build.0 = Release|Any CPU
		{216E6A3B-E7CC-4727-8DDA-CD3D9BF2C12B}.Debug|Any CPU.ActiveCfg = Debug|Any CPU
		{216E6A3B-E7CC-4727-8DDA-CD3D9BF2C12B}.Debug|Any CPU.Build.0 = Debug|Any CPU
		{216E6A3B-E7CC-4727-8DDA-CD3D9BF2C12B}.Debug|x64.ActiveCfg = Debug|Any CPU
		{216E6A3B-E7CC-4727-8DDA-CD3D9BF2C12B}.Debug|x64.Build.0 = Debug|Any CPU
		{216E6A3B-E7CC-4727-8DDA-CD3D9BF2C12B}.Debug|x86.ActiveCfg = Debug|Any CPU
		{216E6A3B-E7CC-4727-8DDA-CD3D9BF2C12B}.Debug|x86.Build.0 = Debug|Any CPU
		{216E6A3B-E7CC-4727-8DDA-CD3D9BF2C12B}.Release|Any CPU.ActiveCfg = Release|Any CPU
		{216E6A3B-E7CC-4727-8DDA-CD3D9BF2C12B}.Release|Any CPU.Build.0 = Release|Any CPU
		{216E6A3B-E7CC-4727-8DDA-CD3D9BF2C12B}.Release|x64.ActiveCfg = Release|Any CPU
		{216E6A3B-E7CC-4727-8DDA-CD3D9BF2C12B}.Release|x64.Build.0 = Release|Any CPU
		{216E6A3B-E7CC-4727-8DDA-CD3D9BF2C12B}.Release|x86.ActiveCfg = Release|Any CPU
		{216E6A3B-E7CC-4727-8DDA-CD3D9BF2C12B}.Release|x86.Build.0 = Release|Any CPU
		{E48E3D56-2C7A-46CB-AE37-A146A2570159}.Debug|Any CPU.ActiveCfg = Debug|Any CPU
		{E48E3D56-2C7A-46CB-AE37-A146A2570159}.Debug|Any CPU.Build.0 = Debug|Any CPU
		{E48E3D56-2C7A-46CB-AE37-A146A2570159}.Debug|x64.ActiveCfg = Debug|Any CPU
		{E48E3D56-2C7A-46CB-AE37-A146A2570159}.Debug|x64.Build.0 = Debug|Any CPU
		{E48E3D56-2C7A-46CB-AE37-A146A2570159}.Debug|x86.ActiveCfg = Debug|Any CPU
		{E48E3D56-2C7A-46CB-AE37-A146A2570159}.Debug|x86.Build.0 = Debug|Any CPU
		{E48E3D56-2C7A-46CB-AE37-A146A2570159}.Release|Any CPU.ActiveCfg = Release|Any CPU
		{E48E3D56-2C7A-46CB-AE37-A146A2570159}.Release|Any CPU.Build.0 = Release|Any CPU
		{E48E3D56-2C7A-46CB-AE37-A146A2570159}.Release|x64.ActiveCfg = Release|Any CPU
		{E48E3D56-2C7A-46CB-AE37-A146A2570159}.Release|x64.Build.0 = Release|Any CPU
		{E48E3D56-2C7A-46CB-AE37-A146A2570159}.Release|x86.ActiveCfg = Release|Any CPU
		{E48E3D56-2C7A-46CB-AE37-A146A2570159}.Release|x86.Build.0 = Release|Any CPU
		{BD64BBAD-BF00-4021-A9E6-9FDD6A4F5715}.Debug|Any CPU.ActiveCfg = Debug|Any CPU
		{BD64BBAD-BF00-4021-A9E6-9FDD6A4F5715}.Debug|Any CPU.Build.0 = Debug|Any CPU
		{BD64BBAD-BF00-4021-A9E6-9FDD6A4F5715}.Debug|x64.ActiveCfg = Debug|Any CPU
		{BD64BBAD-BF00-4021-A9E6-9FDD6A4F5715}.Debug|x64.Build.0 = Debug|Any CPU
		{BD64BBAD-BF00-4021-A9E6-9FDD6A4F5715}.Debug|x86.ActiveCfg = Debug|Any CPU
		{BD64BBAD-BF00-4021-A9E6-9FDD6A4F5715}.Debug|x86.Build.0 = Debug|Any CPU
		{BD64BBAD-BF00-4021-A9E6-9FDD6A4F5715}.Release|Any CPU.ActiveCfg = Release|Any CPU
		{BD64BBAD-BF00-4021-A9E6-9FDD6A4F5715}.Release|Any CPU.Build.0 = Release|Any CPU
		{BD64BBAD-BF00-4021-A9E6-9FDD6A4F5715}.Release|x64.ActiveCfg = Release|Any CPU
		{BD64BBAD-BF00-4021-A9E6-9FDD6A4F5715}.Release|x64.Build.0 = Release|Any CPU
		{BD64BBAD-BF00-4021-A9E6-9FDD6A4F5715}.Release|x86.ActiveCfg = Release|Any CPU
		{BD64BBAD-BF00-4021-A9E6-9FDD6A4F5715}.Release|x86.Build.0 = Release|Any CPU
	EndGlobalSection
EndGlobal
